github.com/anandshukla-sharechat/util v0.0.0-20240223192101-5fccf7d62aac h1:qrGzr375sIyeKGhc4rEWHZQtViU5oIxeVkiX/nILWL0=
github.com/anandshukla-sharechat/util v0.0.0-20240223192101-5fccf7d62aac/go.mod h1:Kz2StKJVeIvWI2oXaTiV3Aj5cBk+Ad21qvVAA7mm8RE=
github.com/anandshukla-sharechat/util v0.0.0-20240223192238-97ef0e7e293b h1:Pr3fkr9WVjOT1az5nEbSUzbb0diBPGw9Qo4zDOMGo0o=
github.com/anandshukla-sharechat/util v0.0.0-20240223192238-97ef0e7e293b/go.mod h1:Kz2StKJVeIvWI2oXaTiV3Aj5cBk+Ad21qvVAA7mm8RE=
github.com/anandshukla-sharechat/util v0.0.0-20240224112450-82f4f02d70a0 h1:B+A2swnkSBZ9E1s7g4KVW89mVV8Y9ffM3GgpGk4r78g=
github.com/anandshukla-sharechat/util v0.0.0-20240224112450-82f4f02d70a0/go.mod h1:Kz2StKJVeIvWI2oXaTiV3Aj5cBk+Ad21qvVAA7mm8RE=
